
Microsoft Visual Studio Solution File, Format Version 12.00
# Visual Studio 2013
VisualStudioVersion = 12.0.31101.0
MinimumVisualStudioVersion = 10.0.40219.1
Project("{FAE04EC0-301F-11D3-BF4B-00C04F79EFBC}") = "SampleSpecs", "SampleSpecs\SampleSpecs.csproj", "{FB216490-CB87-4657-9ACA-41DCC5FE8068}"
EndProject
Project("{FAE04EC0-301F-11D3-BF4B-00C04F79EFBC}") = "spec.TestAdapter", "spec.TestAdapter\spec.TestAdapter.csproj", "{CA028ED3-6431-48C9-B170-00A3D2AFFFAA}"
EndProject
Project("{FAE04EC0-301F-11D3-BF4B-00C04F79EFBC}") = "spec.console", "spec.console\spec.console.csproj", "{46C2A71D-6105-474D-90B0-85C1E24699CB}"
EndProject
Project("{FAE04EC0-301F-11D3-BF4B-00C04F79EFBC}") = "spec.core", "spec.core\spec.core.csproj", "{B8E5CEB4-1C07-406D-BB93-1798ABF0374C}"
EndProject
Project("{2150E333-8FDC-42A3-9474-1A3956D46DE8}") = ".nuget", ".nuget", "{C73FE53E-441A-4C8D-8C13-F39213B7F7A6}"
	ProjectSection(SolutionItems) = preProject
		.nuget\NuGet.Config = .nuget\NuGet.Config
		.nuget\NuGet.exe = .nuget\NuGet.exe
		.nuget\NuGet.targets = .nuget\NuGet.targets
	EndProjectSection
EndProject
Project("{FAE04EC0-301F-11D3-BF4B-00C04F79EFBC}") = "spec.tests", "spec.tests\spec.tests.csproj", "{CA136744-F79E-4044-91C0-3753C41A82C1}"
EndProject
Global
	GlobalSection(SolutionConfigurationPlatforms) = preSolution
		Debug|Any CPU = Debug|Any CPU
		Release|Any CPU = Release|Any CPU
	EndGlobalSection
	GlobalSection(ProjectConfigurationPlatforms) = postSolution
		{FB216490-CB87-4657-9ACA-41DCC5FE8068}.Debug|Any CPU.ActiveCfg = Debug|Any CPU
		{FB216490-CB87-4657-9ACA-41DCC5FE8068}.Debug|Any CPU.Build.0 = Debug|Any CPU
		{FB216490-CB87-4657-9ACA-41DCC5FE8068}.Release|Any CPU.ActiveCfg = Release|Any CPU
		{FB216490-CB87-4657-9ACA-41DCC5FE8068}.Release|Any CPU.Build.0 = Release|Any CPU
		{CA028ED3-6431-48C9-B170-00A3D2AFFFAA}.Debug|Any CPU.ActiveCfg = Debug|Any CPU
		{CA028ED3-6431-48C9-B170-00A3D2AFFFAA}.Debug|Any CPU.Build.0 = Debug|Any CPU
		{CA028ED3-6431-48C9-B170-00A3D2AFFFAA}.Release|Any CPU.ActiveCfg = Release|Any CPU
		{CA028ED3-6431-48C9-B170-00A3D2AFFFAA}.Release|Any CPU.Build.0 = Release|Any CPU
		{46C2A71D-6105-474D-90B0-85C1E24699CB}.Debug|Any CPU.ActiveCfg = Debug|Any CPU
		{46C2A71D-6105-474D-90B0-85C1E24699CB}.Debug|Any CPU.Build.0 = Debug|Any CPU
		{46C2A71D-6105-474D-90B0-85C1E24699CB}.Release|Any CPU.ActiveCfg = Release|Any CPU
		{46C2A71D-6105-474D-90B0-85C1E24699CB}.Release|Any CPU.Build.0 = Release|Any CPU
		{B8E5CEB4-1C07-406D-BB93-1798ABF0374C}.Debug|Any CPU.ActiveCfg = Debug|Any CPU
		{B8E5CEB4-1C07-406D-BB93-1798ABF0374C}.Debug|Any CPU.Build.0 = Debug|Any CPU
		{B8E5CEB4-1C07-406D-BB93-1798ABF0374C}.Release|Any CPU.ActiveCfg = Release|Any CPU
		{B8E5CEB4-1C07-406D-BB93-1798ABF0374C}.Release|Any CPU.Build.0 = Release|Any CPU
		{CA136744-F79E-4044-91C0-3753C41A82C1}.Debug|Any CPU.ActiveCfg = Debug|Any CPU
		{CA136744-F79E-4044-91C0-3753C41A82C1}.Debug|Any CPU.Build.0 = Debug|Any CPU
		{CA136744-F79E-4044-91C0-3753C41A82C1}.Release|Any CPU.ActiveCfg = Release|Any CPU
		{CA136744-F79E-4044-91C0-3753C41A82C1}.Release|Any CPU.Build.0 = Release|Any CPU
	EndGlobalSection
	GlobalSection(SolutionProperties) = preSolution
		HideSolutionNode = FALSE
	EndGlobalSection
EndGlobal
